
Microsoft Visual Studio Solution File, Format Version 12.00
# Visual Studio Version 17
VisualStudioVersion = 17.13.35825.156 d17.13
MinimumVisualStudioVersion = 10.0.40219.1
Project("{FAE04EC0-301F-11D3-BF4B-00C04F79EFBC}") = "AutoCarePro", "AutoCarePro\AutoCarePro.csproj", "{8EE18FAF-B9C2-47DB-8432-E0F5EDF62A92}"
EndProject
Global
	GlobalSection(SolutionConfigurationPlatforms) = preSolution
		Debug|Any CPU = Debug|Any CPU
		Release|Any CPU = Release|Any CPU
	EndGlobalSection
	GlobalSection(ProjectConfigurationPlatforms) = postSolution
		{8EE18FAF-B9C2-47DB-8432-E0F5EDF62A92}.Debug|Any CPU.ActiveCfg = Debug|Any CPU
		{8EE18FAF-B9C2-47DB-8432-E0F5EDF62A92}.Debug|Any CPU.Build.0 = Debug|Any CPU
		{8EE18FAF-B9C2-47DB-8432-E0F5EDF62A92}.Release|Any CPU.ActiveCfg = Release|Any CPU
		{8EE18FAF-B9C2-47DB-8432-E0F5EDF62A92}.Release|Any CPU.Build.0 = Release|Any CPU
	EndGlobalSection
	GlobalSection(SolutionProperties) = preSolution
		HideSolutionNode = FALSE
	EndGlobalSection
	GlobalSection(ExtensibilityGlobals) = postSolution
		SolutionGuid = {AD64262D-9FE9-4DF8-8FD7-46FBDE276A7E}
	EndGlobalSection
EndGlobal
